
Microsoft Visual Studio Solution File, Format Version 12.00
# Visual Studio Version 16
VisualStudioVersion = 16.0.30002.166
MinimumVisualStudioVersion = 10.0.40219.1
Project("{FAE04EC0-301F-11D3-BF4B-00C04F79EFBC}") = "ContosoCrafts.Website", "ContosoCrafts.Website\ContosoCrafts.Website.csproj", "{92C67F1C-4BA9-4B70-A626-F02DF7802E3E}"
EndProject
Global
	GlobalSection(SolutionConfigurationPlatforms) = preSolution
		Debug|Any CPU = Debug|Any CPU
		Release|Any CPU = Release|Any CPU
	EndGlobalSection
	GlobalSection(ProjectConfigurationPlatforms) = postSolution
		{92C67F1C-4BA9-4B70-A626-F02DF7802E3E}.Debug|Any CPU.ActiveCfg = Debug|Any CPU
		{92C67F1C-4BA9-4B70-A626-F02DF7802E3E}.Debug|Any CPU.Build.0 = Debug|Any CPU
		{92C67F1C-4BA9-4B70-A626-F02DF7802E3E}.Release|Any CPU.ActiveCfg = Release|Any CPU
		{92C67F1C-4BA9-4B70-A626-F02DF7802E3E}.Release|Any CPU.Build.0 = Release|Any CPU
	EndGlobalSection
	GlobalSection(SolutionProperties) = preSolution
		HideSolutionNode = FALSE
	EndGlobalSection
	GlobalSection(ExtensibilityGlobals) = postSolution
		SolutionGuid = {52247E98-111A-402F-AB74-C4407EF19B61}
	EndGlobalSection
EndGlobal
