
Microsoft Visual Studio Solution File, Format Version 12.00
# Visual Studio Version 16
VisualStudioVersion = 16.0.30330.147
MinimumVisualStudioVersion = 10.0.40219.1
Project("{FAE04EC0-301F-11D3-BF4B-00C04F79EFBC}") = "PortfolioSPA", "PortfolioSPA\PortfolioSPA.csproj", "{81360211-9BAC-456F-B4EF-CF1B7A5C78CA}"
EndProject
Global
	GlobalSection(SolutionConfigurationPlatforms) = preSolution
		Debug|Any CPU = Debug|Any CPU
		Release|Any CPU = Release|Any CPU
	EndGlobalSection
	GlobalSection(ProjectConfigurationPlatforms) = postSolution
		{81360211-9BAC-456F-B4EF-CF1B7A5C78CA}.Debug|Any CPU.ActiveCfg = Debug|Any CPU
		{81360211-9BAC-456F-B4EF-CF1B7A5C78CA}.Debug|Any CPU.Build.0 = Debug|Any CPU
		{81360211-9BAC-456F-B4EF-CF1B7A5C78CA}.Release|Any CPU.ActiveCfg = Release|Any CPU
		{81360211-9BAC-456F-B4EF-CF1B7A5C78CA}.Release|Any CPU.Build.0 = Release|Any CPU
	EndGlobalSection
	GlobalSection(SolutionProperties) = preSolution
		HideSolutionNode = FALSE
	EndGlobalSection
	GlobalSection(ExtensibilityGlobals) = postSolution
		SolutionGuid = {75A087FA-612C-4F4A-B70E-35CAD3782649}
	EndGlobalSection
EndGlobal
