
Microsoft Visual Studio Solution File, Format Version 12.00
# Visual Studio Version 16
VisualStudioVersion = 16.0.30330.147
MinimumVisualStudioVersion = 10.0.40219.1
Project("{FAE04EC0-301F-11D3-BF4B-00C04F79EFBC}") = "WebApplication15", "WebApplication15\WebApplication15.csproj", "{541D0A7B-C0DF-428F-AF55-E02836C14453}"
EndProject
Global
	GlobalSection(SolutionConfigurationPlatforms) = preSolution
		Debug|Any CPU = Debug|Any CPU
		Release|Any CPU = Release|Any CPU
	EndGlobalSection
	GlobalSection(ProjectConfigurationPlatforms) = postSolution
		{541D0A7B-C0DF-428F-AF55-E02836C14453}.Debug|Any CPU.ActiveCfg = Debug|Any CPU
		{541D0A7B-C0DF-428F-AF55-E02836C14453}.Debug|Any CPU.Build.0 = Debug|Any CPU
		{541D0A7B-C0DF-428F-AF55-E02836C14453}.Release|Any CPU.ActiveCfg = Release|Any CPU
		{541D0A7B-C0DF-428F-AF55-E02836C14453}.Release|Any CPU.Build.0 = Release|Any CPU
	EndGlobalSection
	GlobalSection(SolutionProperties) = preSolution
		HideSolutionNode = FALSE
	EndGlobalSection
	GlobalSection(ExtensibilityGlobals) = postSolution
		SolutionGuid = {B7197D24-EE6F-488F-9A34-708D9E9C39E1}
	EndGlobalSection
EndGlobal
