
Microsoft Visual Studio Solution File, Format Version 12.00
# Visual Studio Version 16
VisualStudioVersion = 16.0.30002.166
MinimumVisualStudioVersion = 10.0.40219.1
Project("{FAE04EC0-301F-11D3-BF4B-00C04F79EFBC}") = "ConsoleAppinterface", "ConsoleAppinterface\ConsoleAppinterface.csproj", "{BE1D449D-E4B5-440F-A21B-D4BF187E64CF}"
EndProject
Global
	GlobalSection(SolutionConfigurationPlatforms) = preSolution
		Debug|Any CPU = Debug|Any CPU
		Release|Any CPU = Release|Any CPU
	EndGlobalSection
	GlobalSection(ProjectConfigurationPlatforms) = postSolution
		{BE1D449D-E4B5-440F-A21B-D4BF187E64CF}.Debug|Any CPU.ActiveCfg = Debug|Any CPU
		{BE1D449D-E4B5-440F-A21B-D4BF187E64CF}.Debug|Any CPU.Build.0 = Debug|Any CPU
		{BE1D449D-E4B5-440F-A21B-D4BF187E64CF}.Release|Any CPU.ActiveCfg = Release|Any CPU
		{BE1D449D-E4B5-440F-A21B-D4BF187E64CF}.Release|Any CPU.Build.0 = Release|Any CPU
	EndGlobalSection
	GlobalSection(SolutionProperties) = preSolution
		HideSolutionNode = FALSE
	EndGlobalSection
	GlobalSection(ExtensibilityGlobals) = postSolution
		SolutionGuid = {FB850D0B-7D79-4DD5-851E-E0EB2A5DBFB4}
	EndGlobalSection
EndGlobal
