
Microsoft Visual Studio Solution File, Format Version 12.00
# Visual Studio Version 16
VisualStudioVersion = 16.0.30002.166
MinimumVisualStudioVersion = 10.0.40219.1
Project("{FAE04EC0-301F-11D3-BF4B-00C04F79EFBC}") = "ConsoleApppg157", "ConsoleApppg157\ConsoleApppg157.csproj", "{C7F461E6-FD69-4FE3-98BC-EE2A20CFAD19}"
EndProject
Global
	GlobalSection(SolutionConfigurationPlatforms) = preSolution
		Debug|Any CPU = Debug|Any CPU
		Release|Any CPU = Release|Any CPU
	EndGlobalSection
	GlobalSection(ProjectConfigurationPlatforms) = postSolution
		{C7F461E6-FD69-4FE3-98BC-EE2A20CFAD19}.Debug|Any CPU.ActiveCfg = Debug|Any CPU
		{C7F461E6-FD69-4FE3-98BC-EE2A20CFAD19}.Debug|Any CPU.Build.0 = Debug|Any CPU
		{C7F461E6-FD69-4FE3-98BC-EE2A20CFAD19}.Release|Any CPU.ActiveCfg = Release|Any CPU
		{C7F461E6-FD69-4FE3-98BC-EE2A20CFAD19}.Release|Any CPU.Build.0 = Release|Any CPU
	EndGlobalSection
	GlobalSection(SolutionProperties) = preSolution
		HideSolutionNode = FALSE
	EndGlobalSection
	GlobalSection(ExtensibilityGlobals) = postSolution
		SolutionGuid = {CDE8A820-704A-49F5-BB9A-F0799CA8A47A}
	EndGlobalSection
EndGlobal
