
Microsoft Visual Studio Solution File, Format Version 12.00
# Visual Studio Version 16
VisualStudioVersion = 16.0.30002.166
MinimumVisualStudioVersion = 10.0.40219.1
Project("{FAE04EC0-301F-11D3-BF4B-00C04F79EFBC}") = "ConsoleApp13", "ConsoleApp13\ConsoleApp13.csproj", "{0EBC323C-8EDD-4881-8CCD-B37D5FC97066}"
EndProject
Global
	GlobalSection(SolutionConfigurationPlatforms) = preSolution
		Debug|Any CPU = Debug|Any CPU
		Release|Any CPU = Release|Any CPU
	EndGlobalSection
	GlobalSection(ProjectConfigurationPlatforms) = postSolution
		{0EBC323C-8EDD-4881-8CCD-B37D5FC97066}.Debug|Any CPU.ActiveCfg = Debug|Any CPU
		{0EBC323C-8EDD-4881-8CCD-B37D5FC97066}.Debug|Any CPU.Build.0 = Debug|Any CPU
		{0EBC323C-8EDD-4881-8CCD-B37D5FC97066}.Release|Any CPU.ActiveCfg = Release|Any CPU
		{0EBC323C-8EDD-4881-8CCD-B37D5FC97066}.Release|Any CPU.Build.0 = Release|Any CPU
	EndGlobalSection
	GlobalSection(SolutionProperties) = preSolution
		HideSolutionNode = FALSE
	EndGlobalSection
	GlobalSection(ExtensibilityGlobals) = postSolution
		SolutionGuid = {13FF8838-65B2-4C79-9647-0A7CD37C85E2}
	EndGlobalSection
EndGlobal
