
Microsoft Visual Studio Solution File, Format Version 12.00
# Visual Studio Version 16
VisualStudioVersion = 16.0.30104.148
MinimumVisualStudioVersion = 10.0.40219.1
Project("{FAE04EC0-301F-11D3-BF4B-00C04F79EFBC}") = "WebApplication95959595951234123413", "WebApplication95959595951234123413\WebApplication95959595951234123413.csproj", "{C7FE4130-380B-4312-A710-36744467EDB4}"
EndProject
Global
	GlobalSection(SolutionConfigurationPlatforms) = preSolution
		Debug|Any CPU = Debug|Any CPU
		Release|Any CPU = Release|Any CPU
	EndGlobalSection
	GlobalSection(ProjectConfigurationPlatforms) = postSolution
		{C7FE4130-380B-4312-A710-36744467EDB4}.Debug|Any CPU.ActiveCfg = Debug|Any CPU
		{C7FE4130-380B-4312-A710-36744467EDB4}.Debug|Any CPU.Build.0 = Debug|Any CPU
		{C7FE4130-380B-4312-A710-36744467EDB4}.Release|Any CPU.ActiveCfg = Release|Any CPU
		{C7FE4130-380B-4312-A710-36744467EDB4}.Release|Any CPU.Build.0 = Release|Any CPU
	EndGlobalSection
	GlobalSection(SolutionProperties) = preSolution
		HideSolutionNode = FALSE
	EndGlobalSection
	GlobalSection(ExtensibilityGlobals) = postSolution
		SolutionGuid = {4859A138-F82F-4323-803A-B38097E077A3}
	EndGlobalSection
EndGlobal
