
Microsoft Visual Studio Solution File, Format Version 12.00
# Visual Studio Version 16
VisualStudioVersion = 16.0.30330.147
MinimumVisualStudioVersion = 10.0.40219.1
Project("{FAE04EC0-301F-11D3-BF4B-00C04F79EFBC}") = "portfolio1", "portfolio1\portfolio1.csproj", "{BCE38803-3DE0-486D-8C39-89038DB772D6}"
EndProject
Global
	GlobalSection(SolutionConfigurationPlatforms) = preSolution
		Debug|Any CPU = Debug|Any CPU
		Release|Any CPU = Release|Any CPU
	EndGlobalSection
	GlobalSection(ProjectConfigurationPlatforms) = postSolution
		{BCE38803-3DE0-486D-8C39-89038DB772D6}.Debug|Any CPU.ActiveCfg = Debug|Any CPU
		{BCE38803-3DE0-486D-8C39-89038DB772D6}.Debug|Any CPU.Build.0 = Debug|Any CPU
		{BCE38803-3DE0-486D-8C39-89038DB772D6}.Release|Any CPU.ActiveCfg = Release|Any CPU
		{BCE38803-3DE0-486D-8C39-89038DB772D6}.Release|Any CPU.Build.0 = Release|Any CPU
	EndGlobalSection
	GlobalSection(SolutionProperties) = preSolution
		HideSolutionNode = FALSE
	EndGlobalSection
	GlobalSection(ExtensibilityGlobals) = postSolution
		SolutionGuid = {7B4B25C0-7437-45BA-B97C-740AB1BC0A43}
	EndGlobalSection
EndGlobal
