
Microsoft Visual Studio Solution File, Format Version 12.00
# Visual Studio Version 16
VisualStudioVersion = 16.0.30002.166
MinimumVisualStudioVersion = 10.0.40219.1
Project("{FAE04EC0-301F-11D3-BF4B-00C04F79EFBC}") = "ConsoleApppg170", "ConsoleApppg170\ConsoleApppg170.csproj", "{7D2BB76B-83A6-499C-B508-D0D7B3F4ACC9}"
EndProject
Global
	GlobalSection(SolutionConfigurationPlatforms) = preSolution
		Debug|Any CPU = Debug|Any CPU
		Release|Any CPU = Release|Any CPU
	EndGlobalSection
	GlobalSection(ProjectConfigurationPlatforms) = postSolution
		{7D2BB76B-83A6-499C-B508-D0D7B3F4ACC9}.Debug|Any CPU.ActiveCfg = Debug|Any CPU
		{7D2BB76B-83A6-499C-B508-D0D7B3F4ACC9}.Debug|Any CPU.Build.0 = Debug|Any CPU
		{7D2BB76B-83A6-499C-B508-D0D7B3F4ACC9}.Release|Any CPU.ActiveCfg = Release|Any CPU
		{7D2BB76B-83A6-499C-B508-D0D7B3F4ACC9}.Release|Any CPU.Build.0 = Release|Any CPU
	EndGlobalSection
	GlobalSection(SolutionProperties) = preSolution
		HideSolutionNode = FALSE
	EndGlobalSection
	GlobalSection(ExtensibilityGlobals) = postSolution
		SolutionGuid = {676FC485-8069-44E4-B233-1AE0E209CD68}
	EndGlobalSection
EndGlobal
