
Microsoft Visual Studio Solution File, Format Version 12.00
# Visual Studio Version 16
VisualStudioVersion = 16.0.30104.148
MinimumVisualStudioVersion = 10.0.40219.1
Project("{FAE04EC0-301F-11D3-BF4B-00C04F79EFBC}") = "WebApplication111112213113", "WebApplication111112213113\WebApplication111112213113.csproj", "{58936A44-F82A-4077-9C01-5F2C15286428}"
EndProject
Global
	GlobalSection(SolutionConfigurationPlatforms) = preSolution
		Debug|Any CPU = Debug|Any CPU
		Release|Any CPU = Release|Any CPU
	EndGlobalSection
	GlobalSection(ProjectConfigurationPlatforms) = postSolution
		{58936A44-F82A-4077-9C01-5F2C15286428}.Debug|Any CPU.ActiveCfg = Debug|Any CPU
		{58936A44-F82A-4077-9C01-5F2C15286428}.Debug|Any CPU.Build.0 = Debug|Any CPU
		{58936A44-F82A-4077-9C01-5F2C15286428}.Release|Any CPU.ActiveCfg = Release|Any CPU
		{58936A44-F82A-4077-9C01-5F2C15286428}.Release|Any CPU.Build.0 = Release|Any CPU
	EndGlobalSection
	GlobalSection(SolutionProperties) = preSolution
		HideSolutionNode = FALSE
	EndGlobalSection
	GlobalSection(ExtensibilityGlobals) = postSolution
		SolutionGuid = {904E485C-CC42-456A-9AB4-0AB0B9FDFCB7}
	EndGlobalSection
EndGlobal
