
Microsoft Visual Studio Solution File, Format Version 12.00
# Visual Studio Version 16
VisualStudioVersion = 16.0.30002.166
MinimumVisualStudioVersion = 10.0.40219.1
Project("{FAE04EC0-301F-11D3-BF4B-00C04F79EFBC}") = "TwentyOne123", "TwentyOne123\TwentyOne123.csproj", "{D3E07CBA-4643-40EA-AE7A-AF7CF2AF9654}"
EndProject
Project("{FAE04EC0-301F-11D3-BF4B-00C04F79EFBC}") = "Casino", "ClassLibrary1\Casino.csproj", "{F7EC6514-86F9-498D-BD45-95FC7C2BA072}"
EndProject
Global
	GlobalSection(SolutionConfigurationPlatforms) = preSolution
		Debug|Any CPU = Debug|Any CPU
		Release|Any CPU = Release|Any CPU
	EndGlobalSection
	GlobalSection(ProjectConfigurationPlatforms) = postSolution
		{D3E07CBA-4643-40EA-AE7A-AF7CF2AF9654}.Debug|Any CPU.ActiveCfg = Debug|Any CPU
		{D3E07CBA-4643-40EA-AE7A-AF7CF2AF9654}.Debug|Any CPU.Build.0 = Debug|Any CPU
		{D3E07CBA-4643-40EA-AE7A-AF7CF2AF9654}.Release|Any CPU.ActiveCfg = Release|Any CPU
		{D3E07CBA-4643-40EA-AE7A-AF7CF2AF9654}.Release|Any CPU.Build.0 = Release|Any CPU
		{F7EC6514-86F9-498D-BD45-95FC7C2BA072}.Debug|Any CPU.ActiveCfg = Debug|Any CPU
		{F7EC6514-86F9-498D-BD45-95FC7C2BA072}.Debug|Any CPU.Build.0 = Debug|Any CPU
		{F7EC6514-86F9-498D-BD45-95FC7C2BA072}.Release|Any CPU.ActiveCfg = Release|Any CPU
		{F7EC6514-86F9-498D-BD45-95FC7C2BA072}.Release|Any CPU.Build.0 = Release|Any CPU
	EndGlobalSection
	GlobalSection(SolutionProperties) = preSolution
		HideSolutionNode = FALSE
	EndGlobalSection
	GlobalSection(ExtensibilityGlobals) = postSolution
		SolutionGuid = {E09B7114-A38D-4080-9392-F9C70E3C8FE5}
	EndGlobalSection
EndGlobal
